
Microsoft Visual Studio Solution File, Format Version 12.00
# Visual Studio Version 17
VisualStudioVersion = 17.3.32825.248
MinimumVisualStudioVersion = 10.0.40219.1
Project("{9A19103F-16F7-4668-BE54-9A1E7A4F7556}") = "OnlinePizzaDelivery_Utility", "OnlinePizzaDelivery_Utility\OnlinePizzaDelivery_Utility.csproj", "{7188EBBB-49F3-402D-A1DB-1E4A1B64CBEE}"
EndProject
Project("{9A19103F-16F7-4668-BE54-9A1E7A4F7556}") = "OnlinePizzaDelivery_Models", "OnlinePizzaDelivery_Models\OnlinePizzaDelivery_Models.csproj", "{6B81BFA0-6534-47D5-B4DE-BC7164FD6F2E}"
EndProject
Project("{9A19103F-16F7-4668-BE54-9A1E7A4F7556}") = "OnlinePizzaDelivery_DataAccess", "OnlinePizzaDelivery_DataAccess\OnlinePizzaDelivery_DataAccess.csproj", "{CD1EA4EA-905C-40DD-A833-948DAB69EB21}"
EndProject
Project("{9A19103F-16F7-4668-BE54-9A1E7A4F7556}") = "OnlinePizzaDelivery", "OnlinePizzaDelivery\OnlinePizzaDelivery.csproj", "{3FCE3B1E-9B25-41CE-A1C2-F51092B6966B}"
EndProject
Global
	GlobalSection(SolutionConfigurationPlatforms) = preSolution
		Debug|Any CPU = Debug|Any CPU
		Release|Any CPU = Release|Any CPU
	EndGlobalSection
	GlobalSection(ProjectConfigurationPlatforms) = postSolution
		{7188EBBB-49F3-402D-A1DB-1E4A1B64CBEE}.Debug|Any CPU.ActiveCfg = Debug|Any CPU
		{7188EBBB-49F3-402D-A1DB-1E4A1B64CBEE}.Debug|Any CPU.Build.0 = Debug|Any CPU
		{7188EBBB-49F3-402D-A1DB-1E4A1B64CBEE}.Release|Any CPU.ActiveCfg = Release|Any CPU
		{7188EBBB-49F3-402D-A1DB-1E4A1B64CBEE}.Release|Any CPU.Build.0 = Release|Any CPU
		{6B81BFA0-6534-47D5-B4DE-BC7164FD6F2E}.Debug|Any CPU.ActiveCfg = Debug|Any CPU
		{6B81BFA0-6534-47D5-B4DE-BC7164FD6F2E}.Debug|Any CPU.Build.0 = Debug|Any CPU
		{6B81BFA0-6534-47D5-B4DE-BC7164FD6F2E}.Release|Any CPU.ActiveCfg = Release|Any CPU
		{6B81BFA0-6534-47D5-B4DE-BC7164FD6F2E}.Release|Any CPU.Build.0 = Release|Any CPU
		{CD1EA4EA-905C-40DD-A833-948DAB69EB21}.Debug|Any CPU.ActiveCfg = Debug|Any CPU
		{CD1EA4EA-905C-40DD-A833-948DAB69EB21}.Debug|Any CPU.Build.0 = Debug|Any CPU
		{CD1EA4EA-905C-40DD-A833-948DAB69EB21}.Release|Any CPU.ActiveCfg = Release|Any CPU
		{CD1EA4EA-905C-40DD-A833-948DAB69EB21}.Release|Any CPU.Build.0 = Release|Any CPU
		{3FCE3B1E-9B25-41CE-A1C2-F51092B6966B}.Debug|Any CPU.ActiveCfg = Debug|Any CPU
		{3FCE3B1E-9B25-41CE-A1C2-F51092B6966B}.Debug|Any CPU.Build.0 = Debug|Any CPU
		{3FCE3B1E-9B25-41CE-A1C2-F51092B6966B}.Release|Any CPU.ActiveCfg = Release|Any CPU
		{3FCE3B1E-9B25-41CE-A1C2-F51092B6966B}.Release|Any CPU.Build.0 = Release|Any CPU
	EndGlobalSection
	GlobalSection(SolutionProperties) = preSolution
		HideSolutionNode = FALSE
	EndGlobalSection
	GlobalSection(ExtensibilityGlobals) = postSolution
		SolutionGuid = {191DAA41-5F53-4FC5-9781-367FE7AAD747}
	EndGlobalSection
EndGlobal
